
Microsoft Visual Studio Solution File, Format Version 12.00
# Visual Studio Version 17
VisualStudioVersion = 17.5.002.0
MinimumVisualStudioVersion = 10.0.40219.1
Project("{9A19103F-16F7-4668-BE54-9A1E7A4F7556}") = "task01", "task01.csproj", "{7CAD45DD-1111-44D9-B1E3-F641E7285573}"
EndProject
Global
	GlobalSection(SolutionConfigurationPlatforms) = preSolution
		Debug|Any CPU = Debug|Any CPU
		Release|Any CPU = Release|Any CPU
	EndGlobalSection
	GlobalSection(ProjectConfigurationPlatforms) = postSolution
		{7CAD45DD-1111-44D9-B1E3-F641E7285573}.Debug|Any CPU.ActiveCfg = Debug|Any CPU
		{7CAD45DD-1111-44D9-B1E3-F641E7285573}.Debug|Any CPU.Build.0 = Debug|Any CPU
		{7CAD45DD-1111-44D9-B1E3-F641E7285573}.Release|Any CPU.ActiveCfg = Release|Any CPU
		{7CAD45DD-1111-44D9-B1E3-F641E7285573}.Release|Any CPU.Build.0 = Release|Any CPU
	EndGlobalSection
	GlobalSection(SolutionProperties) = preSolution
		HideSolutionNode = FALSE
	EndGlobalSection
	GlobalSection(ExtensibilityGlobals) = postSolution
		SolutionGuid = {15CF57FF-6216-4C23-A30F-C933C250EFDB}
	EndGlobalSection
EndGlobal
